{
  "version": 4,
  "terraform_version": "1.4.6",
  "serial": 75,
  "lineage": "0aebbdec-0a98-87f5-b542-de4639e1f806",
  "outputs": {},
  "resources": [
    {
      "mode": "data",
      "type": "google_project",
      "name": "project",
      "provider": "provider[\"registry.terraform.io/hashicorp/google\"]",
      "instances": [
        {
          "schema_version": 0,
          "attributes": {
            "auto_create_network": null,
            "billing_account": "01918D-9605AE-E74532",
            "folder_id": null,
            "id": "projects/firebase-svelte-381023",
            "labels": {
              "firebase": "enabled"
            },
            "name": "firebase-svelte",
            "number": "251894369022",
            "org_id": null,
            "project_id": "firebase-svelte-381023",
            "skip_delete": null
          },
          "sensitive_attributes": []
        }
      ]
    },
    {
      "mode": "managed",
      "type": "google_project_iam_member",
      "name": "editor",
      "provider": "provider[\"registry.terraform.io/hashicorp/google\"]",
      "instances": [
        {
          "schema_version": 0,
          "attributes": {
            "condition": [],
            "etag": "BwX7DjETuPs=",
            "id": "firebase-svelte-381023/roles/bigquery.dataEditor/serviceAccount:service-251894369022@gcp-sa-pubsub.iam.gserviceaccount.com",
            "member": "serviceAccount:service-251894369022@gcp-sa-pubsub.iam.gserviceaccount.com",
            "project": "firebase-svelte-381023",
            "role": "roles/bigquery.dataEditor"
          },
          "sensitive_attributes": [],
          "private": "bnVsbA==",
          "dependencies": [
            "data.google_project.project"
          ]
        }
      ]
    },
    {
      "mode": "managed",
      "type": "google_project_iam_member",
      "name": "viewer",
      "provider": "provider[\"registry.terraform.io/hashicorp/google\"]",
      "instances": [
        {
          "schema_version": 0,
          "attributes": {
            "condition": [],
            "etag": "BwX7DjETuPs=",
            "id": "firebase-svelte-381023/roles/bigquery.metadataViewer/serviceAccount:service-251894369022@gcp-sa-pubsub.iam.gserviceaccount.com",
            "member": "serviceAccount:service-251894369022@gcp-sa-pubsub.iam.gserviceaccount.com",
            "project": "firebase-svelte-381023",
            "role": "roles/bigquery.metadataViewer"
          },
          "sensitive_attributes": [],
          "private": "bnVsbA==",
          "dependencies": [
            "data.google_project.project"
          ]
        }
      ]
    }
  ],
  "check_results": null
}
